// !$*UTF8*$!
{
	archiveVersion = 1;
	classes = {
	};
	objectVersion = 55;
	objects = {

/* Begin PBXBuildFile section */
		2A07AC75287DBCE000860C2C /* AppPreferences.swift in Sources */ = {isa = PBXBuildFile; fileRef = 2A07AC74287DBCE000860C2C /* AppPreferences.swift */; };
		2A07AC7928802A5B00860C2C /* NetworkManager.swift in Sources */ = {isa = PBXBuildFile; fileRef = 2A07AC7828802A5B00860C2C /* NetworkManager.swift */; };
		2A07AC7B288064AF00860C2C /* CurrencyEx.swift in Sources */ = {isa = PBXBuildFile; fileRef = 2A07AC7A288064AF00860C2C /* CurrencyEx.swift */; };
		2A07AC81288066E700860C2C /* EditCashView.swift in Sources */ = {isa = PBXBuildFile; fileRef = 2A07AC80288066E700860C2C /* EditCashView.swift */; };
		2A3B843D2880AFE500E81D2A /* EditCashListItem.swift in Sources */ = {isa = PBXBuildFile; fileRef = 2A3B843C2880AFE500E81D2A /* EditCashListItem.swift */; };
		2A3B843F2880BA7E00E81D2A /* DeleteButtonView.swift in Sources */ = {isa = PBXBuildFile; fileRef = 2A3B843E2880BA7E00E81D2A /* DeleteButtonView.swift */; };
		2A421F3028883A2C00579406 /* AddCashListItem.swift in Sources */ = {isa = PBXBuildFile; fileRef = 2A421F2F28883A2C00579406 /* AddCashListItem.swift */; };
		2A421F3228883E7F00579406 /* CurrencyButtomSheetView.swift in Sources */ = {isa = PBXBuildFile; fileRef = 2A421F3128883E7F00579406 /* CurrencyButtomSheetView.swift */; };
		2A421F3428883EC400579406 /* ItemMainButtonSheetView.swift in Sources */ = {isa = PBXBuildFile; fileRef = 2A421F3328883EC400579406 /* ItemMainButtonSheetView.swift */; };
		2A421F3628883EEF00579406 /* ItemCurrencyButtomSheetView.swift in Sources */ = {isa = PBXBuildFile; fileRef = 2A421F3528883EEF00579406 /* ItemCurrencyButtomSheetView.swift */; };
		2A421F3828884A0400579406 /* AddCashView.swift in Sources */ = {isa = PBXBuildFile; fileRef = 2A421F3728884A0300579406 /* AddCashView.swift */; };
		2A7AAD52287D9032002E6867 /* HoldyApp.swift in Sources */ = {isa = PBXBuildFile; fileRef = 2A7AAD51287D9032002E6867 /* HoldyApp.swift */; };
		2A7AAD5B287D9032002E6867 /* Persistence.swift in Sources */ = {isa = PBXBuildFile; fileRef = 2A7AAD5A287D9032002E6867 /* Persistence.swift */; };
		2A7AAD5E287D9032002E6867 /* Holdy.xcdatamodeld in Sources */ = {isa = PBXBuildFile; fileRef = 2A7AAD5C287D9032002E6867 /* Holdy.xcdatamodeld */; };
		2A7AAD66287D905A002E6867 /* Alamofire in Frameworks */ = {isa = PBXBuildFile; productRef = 2A7AAD65287D905A002E6867 /* Alamofire */; };
		2A7AAD7D287D911C002E6867 /* CashListItem.swift in Sources */ = {isa = PBXBuildFile; fileRef = 2A7AAD69287D911C002E6867 /* CashListItem.swift */; };
		2A7AAD7F287D911C002E6867 /* ColorExtension.swift in Sources */ = {isa = PBXBuildFile; fileRef = 2A7AAD6C287D911C002E6867 /* ColorExtension.swift */; };
		2A7AAD80287D911C002E6867 /* CashModel.swift in Sources */ = {isa = PBXBuildFile; fileRef = 2A7AAD6E287D911C002E6867 /* CashModel.swift */; };
		2A7AAD82287D911C002E6867 /* AddButtonView.swift in Sources */ = {isa = PBXBuildFile; fileRef = 2A7AAD71287D911C002E6867 /* AddButtonView.swift */; };
		2A7AAD83287D911C002E6867 /* ContentView.swift in Sources */ = {isa = PBXBuildFile; fileRef = 2A7AAD72287D911C002E6867 /* ContentView.swift */; };
		2A7AAD85287D911C002E6867 /* WalletView.swift in Sources */ = {isa = PBXBuildFile; fileRef = 2A7AAD75287D911C002E6867 /* WalletView.swift */; };
		2A7AAD86287D911C002E6867 /* CustomShapes.swift in Sources */ = {isa = PBXBuildFile; fileRef = 2A7AAD77287D911C002E6867 /* CustomShapes.swift */; };
		2A7AAD87287D911C002E6867 /* CashImageView.swift in Sources */ = {isa = PBXBuildFile; fileRef = 2A7AAD78287D911C002E6867 /* CashImageView.swift */; };
		2A7AAD88287D911C002E6867 /* SavingsImageView.swift in Sources */ = {isa = PBXBuildFile; fileRef = 2A7AAD79287D911C002E6867 /* SavingsImageView.swift */; };
		2A7AAD89287D911C002E6867 /* DebtsImageView.swift in Sources */ = {isa = PBXBuildFile; fileRef = 2A7AAD7A287D911C002E6867 /* DebtsImageView.swift */; };
		2A7AAD90287D9584002E6867 /* Preview Content.xcassets in Resources */ = {isa = PBXBuildFile; fileRef = 2A7AAD8F287D9584002E6867 /* Preview Content.xcassets */; };
		2A7AAD93287D961B002E6867 /* Assets.xcassets in Resources */ = {isa = PBXBuildFile; fileRef = 2A7AAD92287D961B002E6867 /* Assets.xcassets */; };
		2ADB66EA2887F65C005C8EC2 /* MainButtomSheetView.swift in Sources */ = {isa = PBXBuildFile; fileRef = 2ADB66E92887F65C005C8EC2 /* MainButtomSheetView.swift */; };
		2ADB66F028881D17005C8EC2 /* Constants.swift in Sources */ = {isa = PBXBuildFile; fileRef = 2ADB66EF28881D17005C8EC2 /* Constants.swift */; };
/* End PBXBuildFile section */

/* Begin PBXFileReference section */
		2A07AC74287DBCE000860C2C /* AppPreferences.swift */ = {isa = PBXFileReference; lastKnownFileType = sourcecode.swift; path = AppPreferences.swift; sourceTree = "<group>"; };
		2A07AC7828802A5B00860C2C /* NetworkManager.swift */ = {isa = PBXFileReference; lastKnownFileType = sourcecode.swift; path = NetworkManager.swift; sourceTree = "<group>"; };
		2A07AC7A288064AF00860C2C /* CurrencyEx.swift */ = {isa = PBXFileReference; lastKnownFileType = sourcecode.swift; path = CurrencyEx.swift; sourceTree = "<group>"; };
		2A07AC80288066E700860C2C /* EditCashView.swift */ = {isa = PBXFileReference; lastKnownFileType = sourcecode.swift; path = EditCashView.swift; sourceTree = "<group>"; };
		2A3B843C2880AFE500E81D2A /* EditCashListItem.swift */ = {isa = PBXFileReference; lastKnownFileType = sourcecode.swift; path = EditCashListItem.swift; sourceTree = "<group>"; };
		2A3B843E2880BA7E00E81D2A /* DeleteButtonView.swift */ = {isa = PBXFileReference; lastKnownFileType = sourcecode.swift; path = DeleteButtonView.swift; sourceTree = "<group>"; };
		2A421F2F28883A2C00579406 /* AddCashListItem.swift */ = {isa = PBXFileReference; lastKnownFileType = sourcecode.swift; path = AddCashListItem.swift; sourceTree = "<group>"; };
		2A421F3128883E7F00579406 /* CurrencyButtomSheetView.swift */ = {isa = PBXFileReference; lastKnownFileType = sourcecode.swift; path = CurrencyButtomSheetView.swift; sourceTree = "<group>"; };
		2A421F3328883EC400579406 /* ItemMainButtonSheetView.swift */ = {isa = PBXFileReference; lastKnownFileType = sourcecode.swift; path = ItemMainButtonSheetView.swift; sourceTree = "<group>"; };
		2A421F3528883EEF00579406 /* ItemCurrencyButtomSheetView.swift */ = {isa = PBXFileReference; lastKnownFileType = sourcecode.swift; path = ItemCurrencyButtomSheetView.swift; sourceTree = "<group>"; };
		2A421F3728884A0300579406 /* AddCashView.swift */ = {isa = PBXFileReference; lastKnownFileType = sourcecode.swift; path = AddCashView.swift; sourceTree = "<group>"; };
		2A7AAD4E287D9032002E6867 /* Holdy.app */ = {isa = PBXFileReference; explicitFileType = wrapper.application; includeInIndex = 0; path = Holdy.app; sourceTree = BUILT_PRODUCTS_DIR; };
		2A7AAD51287D9032002E6867 /* HoldyApp.swift */ = {isa = PBXFileReference; lastKnownFileType = sourcecode.swift; path = HoldyApp.swift; sourceTree = "<group>"; };
		2A7AAD5A287D9032002E6867 /* Persistence.swift */ = {isa = PBXFileReference; lastKnownFileType = sourcecode.swift; path = Persistence.swift; sourceTree = "<group>"; };
		2A7AAD5D287D9032002E6867 /* Holdy.xcdatamodel */ = {isa = PBXFileReference; lastKnownFileType = wrapper.xcdatamodel; path = Holdy.xcdatamodel; sourceTree = "<group>"; };
		2A7AAD69287D911C002E6867 /* CashListItem.swift */ = {isa = PBXFileReference; fileEncoding = 4; lastKnownFileType = sourcecode.swift; path = CashListItem.swift; sourceTree = "<group>"; };
		2A7AAD6C287D911C002E6867 /* ColorExtension.swift */ = {isa = PBXFileReference; fileEncoding = 4; lastKnownFileType = sourcecode.swift; path = ColorExtension.swift; sourceTree = "<group>"; };
		2A7AAD6E287D911C002E6867 /* CashModel.swift */ = {isa = PBXFileReference; fileEncoding = 4; lastKnownFileType = sourcecode.swift; path = CashModel.swift; sourceTree = "<group>"; };
		2A7AAD71287D911C002E6867 /* AddButtonView.swift */ = {isa = PBXFileReference; fileEncoding = 4; lastKnownFileType = sourcecode.swift; path = AddButtonView.swift; sourceTree = "<group>"; };
		2A7AAD72287D911C002E6867 /* ContentView.swift */ = {isa = PBXFileReference; fileEncoding = 4; lastKnownFileType = sourcecode.swift; path = ContentView.swift; sourceTree = "<group>"; };
		2A7AAD75287D911C002E6867 /* WalletView.swift */ = {isa = PBXFileReference; fileEncoding = 4; lastKnownFileType = sourcecode.swift; path = WalletView.swift; sourceTree = "<group>"; };
		2A7AAD77287D911C002E6867 /* CustomShapes.swift */ = {isa = PBXFileReference; fileEncoding = 4; lastKnownFileType = sourcecode.swift; path = CustomShapes.swift; sourceTree = "<group>"; };
		2A7AAD78287D911C002E6867 /* CashImageView.swift */ = {isa = PBXFileReference; fileEncoding = 4; lastKnownFileType = sourcecode.swift; path = CashImageView.swift; sourceTree = "<group>"; };
		2A7AAD79287D911C002E6867 /* SavingsImageView.swift */ = {isa = PBXFileReference; fileEncoding = 4; lastKnownFileType = sourcecode.swift; path = SavingsImageView.swift; sourceTree = "<group>"; };
		2A7AAD7A287D911C002E6867 /* DebtsImageView.swift */ = {isa = PBXFileReference; fileEncoding = 4; lastKnownFileType = sourcecode.swift; path = DebtsImageView.swift; sourceTree = "<group>"; };
		2A7AAD8F287D9584002E6867 /* Preview Content.xcassets */ = {isa = PBXFileReference; lastKnownFileType = folder.assetcatalog; path = "Preview Content.xcassets"; sourceTree = "<group>"; };
		2A7AAD92287D961B002E6867 /* Assets.xcassets */ = {isa = PBXFileReference; lastKnownFileType = folder.assetcatalog; path = Assets.xcassets; sourceTree = "<group>"; };
		2ADB66E92887F65C005C8EC2 /* MainButtomSheetView.swift */ = {isa = PBXFileReference; lastKnownFileType = sourcecode.swift; path = MainButtomSheetView.swift; sourceTree = "<group>"; };
		2ADB66EF28881D17005C8EC2 /* Constants.swift */ = {isa = PBXFileReference; lastKnownFileType = sourcecode.swift; path = Constants.swift; sourceTree = "<group>"; };
/* End PBXFileReference section */

/* Begin PBXFrameworksBuildPhase section */
		2A7AAD4B287D9032002E6867 /* Frameworks */ = {
			isa = PBXFrameworksBuildPhase;
			buildActionMask = 2147483647;
			files = (
				2A7AAD66287D905A002E6867 /* Alamofire in Frameworks */,
			);
			runOnlyForDeploymentPostprocessing = 0;
		};
/* End PBXFrameworksBuildPhase section */

/* Begin PBXGroup section */
		2A07AC7C288064F900860C2C /* MainScreen */ = {
			isa = PBXGroup;
			children = (
				2A7AAD75287D911C002E6867 /* WalletView.swift */,
				2A421F3328883EC400579406 /* ItemMainButtonSheetView.swift */,
				2ADB66E92887F65C005C8EC2 /* MainButtomSheetView.swift */,
				2A7AAD69287D911C002E6867 /* CashListItem.swift */,
				2A7AAD71287D911C002E6867 /* AddButtonView.swift */,
			);
			path = MainScreen;
			sourceTree = "<group>";
		};
		2A07AC7D2880650900860C2C /* Screens */ = {
			isa = PBXGroup;
			children = (
				2A07AC842880676200860C2C /* AddCash */,
				2A07AC832880674A00860C2C /* AddDebt */,
				2A07AC822880673500860C2C /* AddBankAccount */,
				2A07AC7F2880669300860C2C /* EditCash */,
				2A07AC7C288064F900860C2C /* MainScreen */,
			);
			path = Screens;
			sourceTree = "<group>";
		};
		2A07AC7E288065A000860C2C /* Services */ = {
			isa = PBXGroup;
			children = (
				2A07AC7828802A5B00860C2C /* NetworkManager.swift */,
			);
			path = Services;
			sourceTree = "<group>";
		};
		2A07AC7F2880669300860C2C /* EditCash */ = {
			isa = PBXGroup;
			children = (
				2A07AC80288066E700860C2C /* EditCashView.swift */,
				2A3B843E2880BA7E00E81D2A /* DeleteButtonView.swift */,
				2A3B843C2880AFE500E81D2A /* EditCashListItem.swift */,
			);
			path = EditCash;
			sourceTree = "<group>";
		};
		2A07AC822880673500860C2C /* AddBankAccount */ = {
			isa = PBXGroup;
			children = (
			);
			path = AddBankAccount;
			sourceTree = "<group>";
		};
		2A07AC832880674A00860C2C /* AddDebt */ = {
			isa = PBXGroup;
			children = (
			);
			path = AddDebt;
			sourceTree = "<group>";
		};
		2A07AC842880676200860C2C /* AddCash */ = {
			isa = PBXGroup;
			children = (
				2A421F3728884A0300579406 /* AddCashView.swift */,
				2A421F2F28883A2C00579406 /* AddCashListItem.swift */,
				2A421F3128883E7F00579406 /* CurrencyButtomSheetView.swift */,
				2A421F3528883EEF00579406 /* ItemCurrencyButtomSheetView.swift */,
			);
			path = AddCash;
			sourceTree = "<group>";
		};
		2A7AAD45287D9032002E6867 = {
			isa = PBXGroup;
			children = (
				2A7AAD50287D9032002E6867 /* Holdy */,
				2A7AAD4F287D9032002E6867 /* Products */,
			);
			sourceTree = "<group>";
		};
		2A7AAD4F287D9032002E6867 /* Products */ = {
			isa = PBXGroup;
			children = (
				2A7AAD4E287D9032002E6867 /* Holdy.app */,
			);
			name = Products;
			sourceTree = "<group>";
		};
		2A7AAD50287D9032002E6867 /* Holdy */ = {
			isa = PBXGroup;
			children = (
				2A7AAD5C287D9032002E6867 /* Holdy.xcdatamodeld */,
				2A7AAD51287D9032002E6867 /* HoldyApp.swift */,
				2A07AC7D2880650900860C2C /* Screens */,
				2A07AC7E288065A000860C2C /* Services */,
				2A7AAD70287D911C002E6867 /* ButtonViews */,
				2A7AAD76287D911C002E6867 /* ImageView */,
				2A7AAD6D287D911C002E6867 /* Model */,
				2A7AAD8D287D925A002E6867 /* CoreData */,
				2A7AAD6B287D911C002E6867 /*  AppPreferences */,
				2A7AAD92287D961B002E6867 /* Assets.xcassets */,
				2A7AAD91287D9589002E6867 /* Preview Content */,
			);
			path = Holdy;
			sourceTree = "<group>";
		};
		2A7AAD6B287D911C002E6867 /*  AppPreferences */ = {
			isa = PBXGroup;
			children = (
				2A07AC74287DBCE000860C2C /* AppPreferences.swift */,
				2ADB66EF28881D17005C8EC2 /* Constants.swift */,
				2A7AAD6C287D911C002E6867 /* ColorExtension.swift */,
			);
			path = " AppPreferences";
			sourceTree = "<group>";
		};
		2A7AAD6D287D911C002E6867 /* Model */ = {
			isa = PBXGroup;
			children = (
				2A7AAD6E287D911C002E6867 /* CashModel.swift */,
				2A07AC7A288064AF00860C2C /* CurrencyEx.swift */,
			);
			path = Model;
			sourceTree = "<group>";
		};
		2A7AAD70287D911C002E6867 /* ButtonViews */ = {
			isa = PBXGroup;
			children = (
			);
			path = ButtonViews;
			sourceTree = "<group>";
		};
		2A7AAD76287D911C002E6867 /* ImageView */ = {
			isa = PBXGroup;
			children = (
				2A7AAD77287D911C002E6867 /* CustomShapes.swift */,
				2A7AAD78287D911C002E6867 /* CashImageView.swift */,
				2A7AAD79287D911C002E6867 /* SavingsImageView.swift */,
				2A7AAD7A287D911C002E6867 /* DebtsImageView.swift */,
			);
			path = ImageView;
			sourceTree = "<group>";
		};
		2A7AAD8D287D925A002E6867 /* CoreData */ = {
			isa = PBXGroup;
			children = (
				2A7AAD5A287D9032002E6867 /* Persistence.swift */,
				2A7AAD72287D911C002E6867 /* ContentView.swift */,
			);
			path = CoreData;
			sourceTree = "<group>";
		};
		2A7AAD91287D9589002E6867 /* Preview Content */ = {
			isa = PBXGroup;
			children = (
				2A7AAD8F287D9584002E6867 /* Preview Content.xcassets */,
			);
			path = "Preview Content";
			sourceTree = "<group>";
		};
/* End PBXGroup section */

/* Begin PBXNativeTarget section */
		2A7AAD4D287D9032002E6867 /* Holdy */ = {
			isa = PBXNativeTarget;
			buildConfigurationList = 2A7AAD61287D9032002E6867 /* Build configuration list for PBXNativeTarget "Holdy" */;
			buildPhases = (
				2A7AAD4A287D9032002E6867 /* Sources */,
				2A7AAD4B287D9032002E6867 /* Frameworks */,
				2A7AAD4C287D9032002E6867 /* Resources */,
			);
			buildRules = (
			);
			dependencies = (
			);
			name = Holdy;
			packageProductDependencies = (
				2A7AAD65287D905A002E6867 /* Alamofire */,
			);
			productName = Holdy;
			productReference = 2A7AAD4E287D9032002E6867 /* Holdy.app */;
			productType = "com.apple.product-type.application";
		};
/* End PBXNativeTarget section */

/* Begin PBXProject section */
		2A7AAD46287D9032002E6867 /* Project object */ = {
			isa = PBXProject;
			attributes = {
				BuildIndependentTargetsInParallel = 1;
				LastSwiftUpdateCheck = 1310;
				LastUpgradeCheck = 1310;
				TargetAttributes = {
					2A7AAD4D287D9032002E6867 = {
						CreatedOnToolsVersion = 13.1;
					};
				};
			};
			buildConfigurationList = 2A7AAD49287D9032002E6867 /* Build configuration list for PBXProject "Holdy" */;
			compatibilityVersion = "Xcode 13.0";
			developmentRegion = en;
			hasScannedForEncodings = 0;
			knownRegions = (
				en,
				Base,
			);
			mainGroup = 2A7AAD45287D9032002E6867;
			packageReferences = (
				2A7AAD64287D905A002E6867 /* XCRemoteSwiftPackageReference "Alamofire" */,
			);
			productRefGroup = 2A7AAD4F287D9032002E6867 /* Products */;
			projectDirPath = "";
			projectRoot = "";
			targets = (
				2A7AAD4D287D9032002E6867 /* Holdy */,
			);
		};
/* End PBXProject section */

/* Begin PBXResourcesBuildPhase section */
		2A7AAD4C287D9032002E6867 /* Resources */ = {
			isa = PBXResourcesBuildPhase;
			buildActionMask = 2147483647;
			files = (
				2A7AAD93287D961B002E6867 /* Assets.xcassets in Resources */,
				2A7AAD90287D9584002E6867 /* Preview Content.xcassets in Resources */,
			);
			runOnlyForDeploymentPostprocessing = 0;
		};
/* End PBXResourcesBuildPhase section */

/* Begin PBXSourcesBuildPhase section */
		2A7AAD4A287D9032002E6867 /* Sources */ = {
			isa = PBXSourcesBuildPhase;
			buildActionMask = 2147483647;
			files = (
				2A07AC75287DBCE000860C2C /* AppPreferences.swift in Sources */,
				2ADB66EA2887F65C005C8EC2 /* MainButtomSheetView.swift in Sources */,
				2A7AAD5B287D9032002E6867 /* Persistence.swift in Sources */,
				2A7AAD85287D911C002E6867 /* WalletView.swift in Sources */,
				2A07AC7B288064AF00860C2C /* CurrencyEx.swift in Sources */,
				2A7AAD83287D911C002E6867 /* ContentView.swift in Sources */,
				2ADB66F028881D17005C8EC2 /* Constants.swift in Sources */,
				2A07AC7928802A5B00860C2C /* NetworkManager.swift in Sources */,
				2A07AC81288066E700860C2C /* EditCashView.swift in Sources */,
				2A3B843F2880BA7E00E81D2A /* DeleteButtonView.swift in Sources */,
				2A7AAD80287D911C002E6867 /* CashModel.swift in Sources */,
				2A7AAD89287D911C002E6867 /* DebtsImageView.swift in Sources */,
				2A7AAD5E287D9032002E6867 /* Holdy.xcdatamodeld in Sources */,
				2A7AAD87287D911C002E6867 /* CashImageView.swift in Sources */,
				2A421F3228883E7F00579406 /* CurrencyButtomSheetView.swift in Sources */,
				2A3B843D2880AFE500E81D2A /* EditCashListItem.swift in Sources */,
				2A7AAD88287D911C002E6867 /* SavingsImageView.swift in Sources */,
				2A7AAD52287D9032002E6867 /* HoldyApp.swift in Sources */,
				2A7AAD7F287D911C002E6867 /* ColorExtension.swift in Sources */,
				2A421F3628883EEF00579406 /* ItemCurrencyButtomSheetView.swift in Sources */,
				2A421F3828884A0400579406 /* AddCashView.swift in Sources */,
				2A421F3028883A2C00579406 /* AddCashListItem.swift in Sources */,
				2A421F3428883EC400579406 /* ItemMainButtonSheetView.swift in Sources */,
				2A7AAD82287D911C002E6867 /* AddButtonView.swift in Sources */,
				2A7AAD86287D911C002E6867 /* CustomShapes.swift in Sources */,
				2A7AAD7D287D911C002E6867 /* CashListItem.swift in Sources */,
			);
			runOnlyForDeploymentPostprocessing = 0;
		};
/* End PBXSourcesBuildPhase section */

/* Begin XCBuildConfiguration section */
		2A7AAD5F287D9032002E6867 /* Debug */ = {
			isa = XCBuildConfiguration;
			buildSettings = {
				ALWAYS_SEARCH_USER_PATHS = NO;
				CLANG_ANALYZER_NONNULL = YES;
				CLANG_ANALYZER_NUMBER_OBJECT_CONVERSION = YES_AGGRESSIVE;
				CLANG_CXX_LANGUAGE_STANDARD = "gnu++17";
				CLANG_CXX_LIBRARY = "libc++";
				CLANG_ENABLE_MODULES = YES;
				CLANG_ENABLE_OBJC_ARC = YES;
				CLANG_ENABLE_OBJC_WEAK = YES;
				CLANG_WARN_BLOCK_CAPTURE_AUTORELEASING = YES;
				CLANG_WARN_BOOL_CONVERSION = YES;
				CLANG_WARN_COMMA = YES;
				CLANG_WARN_CONSTANT_CONVERSION = YES;
				CLANG_WARN_DEPRECATED_OBJC_IMPLEMENTATIONS = YES;
				CLANG_WARN_DIRECT_OBJC_ISA_USAGE = YES_ERROR;
				CLANG_WARN_DOCUMENTATION_COMMENTS = YES;
				CLANG_WARN_EMPTY_BODY = YES;
				CLANG_WARN_ENUM_CONVERSION = YES;
				CLANG_WARN_INFINITE_RECURSION = YES;
				CLANG_WARN_INT_CONVERSION = YES;
				CLANG_WARN_NON_LITERAL_NULL_CONVERSION = YES;
				CLANG_WARN_OBJC_IMPLICIT_RETAIN_SELF = YES;
				CLANG_WARN_OBJC_LITERAL_CONVERSION = YES;
				CLANG_WARN_OBJC_ROOT_CLASS = YES_ERROR;
				CLANG_WARN_QUOTED_INCLUDE_IN_FRAMEWORK_HEADER = YES;
				CLANG_WARN_RANGE_LOOP_ANALYSIS = YES;
				CLANG_WARN_STRICT_PROTOTYPES = YES;
				CLANG_WARN_SUSPICIOUS_MOVE = YES;
				CLANG_WARN_UNGUARDED_AVAILABILITY = YES_AGGRESSIVE;
				CLANG_WARN_UNREACHABLE_CODE = YES;
				CLANG_WARN__DUPLICATE_METHOD_MATCH = YES;
				COPY_PHASE_STRIP = NO;
				DEBUG_INFORMATION_FORMAT = dwarf;
				EMBED_ASSET_PACKS_IN_PRODUCT_BUNDLE = NO;
				ENABLE_STRICT_OBJC_MSGSEND = YES;
				ENABLE_TESTABILITY = YES;
				GCC_C_LANGUAGE_STANDARD = gnu11;
				GCC_DYNAMIC_NO_PIC = NO;
				GCC_NO_COMMON_BLOCKS = YES;
				GCC_OPTIMIZATION_LEVEL = 0;
				GCC_PREPROCESSOR_DEFINITIONS = (
					"DEBUG=1",
					"$(inherited)",
				);
				GCC_WARN_64_TO_32_BIT_CONVERSION = YES;
				GCC_WARN_ABOUT_RETURN_TYPE = YES_ERROR;
				GCC_WARN_UNDECLARED_SELECTOR = YES;
				GCC_WARN_UNINITIALIZED_AUTOS = YES_AGGRESSIVE;
				GCC_WARN_UNUSED_FUNCTION = YES;
				GCC_WARN_UNUSED_VARIABLE = YES;
				IPHONEOS_DEPLOYMENT_TARGET = 15.0;
				MTL_ENABLE_DEBUG_INFO = INCLUDE_SOURCE;
				MTL_FAST_MATH = YES;
				ONLY_ACTIVE_ARCH = YES;
				SDKROOT = iphoneos;
				SWIFT_ACTIVE_COMPILATION_CONDITIONS = DEBUG;
				SWIFT_OPTIMIZATION_LEVEL = "-Onone";
			};
			name = Debug;
		};
		2A7AAD60287D9032002E6867 /* Release */ = {
			isa = XCBuildConfiguration;
			buildSettings = {
				ALWAYS_SEARCH_USER_PATHS = NO;
				CLANG_ANALYZER_NONNULL = YES;
				CLANG_ANALYZER_NUMBER_OBJECT_CONVERSION = YES_AGGRESSIVE;
				CLANG_CXX_LANGUAGE_STANDARD = "gnu++17";
				CLANG_CXX_LIBRARY = "libc++";
				CLANG_ENABLE_MODULES = YES;
				CLANG_ENABLE_OBJC_ARC = YES;
				CLANG_ENABLE_OBJC_WEAK = YES;
				CLANG_WARN_BLOCK_CAPTURE_AUTORELEASING = YES;
				CLANG_WARN_BOOL_CONVERSION = YES;
				CLANG_WARN_COMMA = YES;
				CLANG_WARN_CONSTANT_CONVERSION = YES;
				CLANG_WARN_DEPRECATED_OBJC_IMPLEMENTATIONS = YES;
				CLANG_WARN_DIRECT_OBJC_ISA_USAGE = YES_ERROR;
				CLANG_WARN_DOCUMENTATION_COMMENTS = YES;
				CLANG_WARN_EMPTY_BODY = YES;
				CLANG_WARN_ENUM_CONVERSION = YES;
				CLANG_WARN_INFINITE_RECURSION = YES;
				CLANG_WARN_INT_CONVERSION = YES;
				CLANG_WARN_NON_LITERAL_NULL_CONVERSION = YES;
				CLANG_WARN_OBJC_IMPLICIT_RETAIN_SELF = YES;
				CLANG_WARN_OBJC_LITERAL_CONVERSION = YES;
				CLANG_WARN_OBJC_ROOT_CLASS = YES_ERROR;
				CLANG_WARN_QUOTED_INCLUDE_IN_FRAMEWORK_HEADER = YES;
				CLANG_WARN_RANGE_LOOP_ANALYSIS = YES;
				CLANG_WARN_STRICT_PROTOTYPES = YES;
				CLANG_WARN_SUSPICIOUS_MOVE = YES;
				CLANG_WARN_UNGUARDED_AVAILABILITY = YES_AGGRESSIVE;
				CLANG_WARN_UNREACHABLE_CODE = YES;
				CLANG_WARN__DUPLICATE_METHOD_MATCH = YES;
				COPY_PHASE_STRIP = NO;
				DEBUG_INFORMATION_FORMAT = "dwarf-with-dsym";
				EMBED_ASSET_PACKS_IN_PRODUCT_BUNDLE = NO;
				ENABLE_NS_ASSERTIONS = NO;
				ENABLE_STRICT_OBJC_MSGSEND = YES;
				GCC_C_LANGUAGE_STANDARD = gnu11;
				GCC_NO_COMMON_BLOCKS = YES;
				GCC_WARN_64_TO_32_BIT_CONVERSION = YES;
				GCC_WARN_ABOUT_RETURN_TYPE = YES_ERROR;
				GCC_WARN_UNDECLARED_SELECTOR = YES;
				GCC_WARN_UNINITIALIZED_AUTOS = YES_AGGRESSIVE;
				GCC_WARN_UNUSED_FUNCTION = YES;
				GCC_WARN_UNUSED_VARIABLE = YES;
				IPHONEOS_DEPLOYMENT_TARGET = 15.0;
				MTL_ENABLE_DEBUG_INFO = NO;
				MTL_FAST_MATH = YES;
				SDKROOT = iphoneos;
				SWIFT_COMPILATION_MODE = wholemodule;
				SWIFT_OPTIMIZATION_LEVEL = "-O";
				VALIDATE_PRODUCT = YES;
			};
			name = Release;
		};
		2A7AAD62287D9032002E6867 /* Debug */ = {
			isa = XCBuildConfiguration;
			buildSettings = {
				ASSETCATALOG_COMPILER_APPICON_NAME = AppIcon;
				ASSETCATALOG_COMPILER_GLOBAL_ACCENT_COLOR_NAME = AccentColor;
				CODE_SIGN_STYLE = Automatic;
				CURRENT_PROJECT_VERSION = 1;
				DEVELOPMENT_ASSET_PATHS = "\"Holdy/Preview Content\"";
				DEVELOPMENT_TEAM = MFAANN4LAU;
				ENABLE_PREVIEWS = YES;
				GENERATE_INFOPLIST_FILE = YES;
				INFOPLIST_KEY_UIApplicationSceneManifest_Generation = YES;
				INFOPLIST_KEY_UIApplicationSupportsIndirectInputEvents = YES;
				INFOPLIST_KEY_UILaunchScreen_Generation = YES;
				INFOPLIST_KEY_UISupportedInterfaceOrientations_iPad = "UIInterfaceOrientationPortrait UIInterfaceOrientationPortraitUpsideDown UIInterfaceOrientationLandscapeLeft UIInterfaceOrientationLandscapeRight";
				INFOPLIST_KEY_UISupportedInterfaceOrientations_iPhone = "UIInterfaceOrientationPortrait UIInterfaceOrientationLandscapeLeft UIInterfaceOrientationLandscapeRight";
				LD_RUNPATH_SEARCH_PATHS = (
					"$(inherited)",
					"@executable_path/Frameworks",
				);
				MARKETING_VERSION = 1.0;
				PRODUCT_BUNDLE_IDENTIFIER = kaledinaoa.Holdy;
				PRODUCT_NAME = "$(TARGET_NAME)";
				SWIFT_EMIT_LOC_STRINGS = YES;
				SWIFT_VERSION = 5.0;
				TARGETED_DEVICE_FAMILY = "1,2";
			};
			name = Debug;
		};
		2A7AAD63287D9032002E6867 /* Release */ = {
			isa = XCBuildConfiguration;
			buildSettings = {
				ASSETCATALOG_COMPILER_APPICON_NAME = AppIcon;
				ASSETCATALOG_COMPILER_GLOBAL_ACCENT_COLOR_NAME = AccentColor;
				CODE_SIGN_STYLE = Automatic;
				CURRENT_PROJECT_VERSION = 1;
				DEVELOPMENT_ASSET_PATHS = "\"Holdy/Preview Content\"";
				DEVELOPMENT_TEAM = MFAANN4LAU;
				ENABLE_PREVIEWS = YES;
				GENERATE_INFOPLIST_FILE = YES;
				INFOPLIST_KEY_UIApplicationSceneManifest_Generation = YES;
				INFOPLIST_KEY_UIApplicationSupportsIndirectInputEvents = YES;
				INFOPLIST_KEY_UILaunchScreen_Generation = YES;
				INFOPLIST_KEY_UISupportedInterfaceOrientations_iPad = "UIInterfaceOrientationPortrait UIInterfaceOrientationPortraitUpsideDown UIInterfaceOrientationLandscapeLeft UIInterfaceOrientationLandscapeRight";
				INFOPLIST_KEY_UISupportedInterfaceOrientations_iPhone = "UIInterfaceOrientationPortrait UIInterfaceOrientationLandscapeLeft UIInterfaceOrientationLandscapeRight";
				LD_RUNPATH_SEARCH_PATHS = (
					"$(inherited)",
					"@executable_path/Frameworks",
				);
				MARKETING_VERSION = 1.0;
				PRODUCT_BUNDLE_IDENTIFIER = kaledinaoa.Holdy;
				PRODUCT_NAME = "$(TARGET_NAME)";
				SWIFT_EMIT_LOC_STRINGS = YES;
				SWIFT_VERSION = 5.0;
				TARGETED_DEVICE_FAMILY = "1,2";
			};
			name = Release;
		};
/* End XCBuildConfiguration section */

/* Begin XCConfigurationList section */
		2A7AAD49287D9032002E6867 /* Build configuration list for PBXProject "Holdy" */ = {
			isa = XCConfigurationList;
			buildConfigurations = (
				2A7AAD5F287D9032002E6867 /* Debug */,
				2A7AAD60287D9032002E6867 /* Release */,
			);
			defaultConfigurationIsVisible = 0;
			defaultConfigurationName = Release;
		};
		2A7AAD61287D9032002E6867 /* Build configuration list for PBXNativeTarget "Holdy" */ = {
			isa = XCConfigurationList;
			buildConfigurations = (
				2A7AAD62287D9032002E6867 /* Debug */,
				2A7AAD63287D9032002E6867 /* Release */,
			);
			defaultConfigurationIsVisible = 0;
			defaultConfigurationName = Release;
		};
/* End XCConfigurationList section */

/* Begin XCRemoteSwiftPackageReference section */
		2A7AAD64287D905A002E6867 /* XCRemoteSwiftPackageReference "Alamofire" */ = {
			isa = XCRemoteSwiftPackageReference;
			repositoryURL = "https://github.com/Alamofire/Alamofire.git";
			requirement = {
				kind = upToNextMajorVersion;
				minimumVersion = 5.0.0;
			};
		};
/* End XCRemoteSwiftPackageReference section */

/* Begin XCSwiftPackageProductDependency section */
		2A7AAD65287D905A002E6867 /* Alamofire */ = {
			isa = XCSwiftPackageProductDependency;
			package = 2A7AAD64287D905A002E6867 /* XCRemoteSwiftPackageReference "Alamofire" */;
			productName = Alamofire;
		};
/* End XCSwiftPackageProductDependency section */

/* Begin XCVersionGroup section */
		2A7AAD5C287D9032002E6867 /* Holdy.xcdatamodeld */ = {
			isa = XCVersionGroup;
			children = (
				2A7AAD5D287D9032002E6867 /* Holdy.xcdatamodel */,
			);
			currentVersion = 2A7AAD5D287D9032002E6867 /* Holdy.xcdatamodel */;
			path = Holdy.xcdatamodeld;
			sourceTree = "<group>";
			versionGroupType = wrapper.xcdatamodel;
		};
/* End XCVersionGroup section */
	};
	rootObject = 2A7AAD46287D9032002E6867 /* Project object */;
}
